github.com/intel/forGoParallel v0.0.0-20230817114341-0dbce1d46778 h1:skyPDAskuJFIJVpT0aFqkrBiGtt0zHf/Gp4KV3hMZbk=
github.com/intel/forGoParallel v0.0.0-20230817114341-0dbce1d46778/go.mod h1:ub40Ofb53J0B7E2MJXfXN+Yfm3/vfj5+nfaCKxluMNw=
github.com/intel/forGraphBLASGo v0.0.0-20230914085550-9efee4702595 h1:rLFEKT6d5C2ENzb7h/Gmj4enJLjkELiNSDqeSBmXz9c=
github.com/intel/forGraphBLASGo v0.0.0-20230914085550-9efee4702595/go.mod h1:YbbAIo6rfYDgAbYJXkrO0NB5+Sf4ofkYWvgdNs4yCDA=
github.com/intel/forGraphBLASGo v0.0.0-20230915115955-5dbd018b8163 h1:IhXAKbm1HB8BNc+A3Pmh+E+Bs6ljkXvzItWBKSKAhwE=
github.com/intel/forGraphBLASGo v0.0.0-20230915115955-5dbd018b8163/go.mod h1:YbbAIo6rfYDgAbYJXkrO0NB5+Sf4ofkYWvgdNs4yCDA=
