github.com/intel/forGoParallel v0.0.0-20220331143645-73758329eab8 h1:cPTB25euIuhHE4cv2GLRCjlNxgtj290v0tPupo2aV5M=
github.com/intel/forGoParallel v0.0.0-20220331143645-73758329eab8/go.mod h1:zVf6o5G3S4Y7dF1Nee1bZE3KMm4Q+TD9WWBH+elLMUM=
github.com/intel/forGraphBLASGo v0.0.0-20220401112304-a1e02d53c37f h1:Q4qYJfdXbLzrPnZJyuyQjgPKe9usc82QiW2rBUgaZnQ=
github.com/intel/forGraphBLASGo v0.0.0-20220401112304-a1e02d53c37f/go.mod h1:Ud5jfJB0CCv9AAbiNYQ2e16qhanjvcsrqy2Q3YEtZ6k=
github.com/intel/forGraphBLASGo v0.0.0-20220401131845-f4d6c3148ef6 h1:T6Z60uN+8I6wuXJ1SAqafcVPvtU99TkX3rh1aaHXlDk=
github.com/intel/forGraphBLASGo v0.0.0-20220401131845-f4d6c3148ef6/go.mod h1:Ud5jfJB0CCv9AAbiNYQ2e16qhanjvcsrqy2Q3YEtZ6k=
